
Microsoft Visual Studio Solution File, Format Version 12.00
# Visual Studio Version 17
VisualStudioVersion = 17.6.33706.43
MinimumVisualStudioVersion = 10.0.40219.1
Project("{9A19103F-16F7-4668-BE54-9A1E7A4F7556}") = "CarZone", "CarZone.csproj", "{F4FEC192-D61E-404C-806B-95ED76600CFE}"
EndProject
Global
	GlobalSection(SolutionConfigurationPlatforms) = preSolution
		Debug|Any CPU = Debug|Any CPU
		Release|Any CPU = Release|Any CPU
	EndGlobalSection
	GlobalSection(ProjectConfigurationPlatforms) = postSolution
		{F4FEC192-D61E-404C-806B-95ED76600CFE}.Debug|Any CPU.ActiveCfg = Debug|Any CPU
		{F4FEC192-D61E-404C-806B-95ED76600CFE}.Debug|Any CPU.Build.0 = Debug|Any CPU
		{F4FEC192-D61E-404C-806B-95ED76600CFE}.Release|Any CPU.ActiveCfg = Release|Any CPU
		{F4FEC192-D61E-404C-806B-95ED76600CFE}.Release|Any CPU.Build.0 = Release|Any CPU
	EndGlobalSection
	GlobalSection(SolutionProperties) = preSolution
		HideSolutionNode = FALSE
	EndGlobalSection
	GlobalSection(ExtensibilityGlobals) = postSolution
		SolutionGuid = {E17E425E-C1CE-4134-82DD-305A115FDFAE}
	EndGlobalSection
EndGlobal
